// !$*UTF8*$!
{
	archiveVersion = 1;
	classes = {
	};
	objectVersion = 52;
	objects = {

/* Begin PBXBuildFile section */
		ED3230FC2660797300FB614A /* LoginPage.swift in Sources */ = {isa = PBXBuildFile; fileRef = ED3230FB2660797300FB614A /* LoginPage.swift */; };
		ED323102266084A600FB614A /* FacebookPage.swift in Sources */ = {isa = PBXBuildFile; fileRef = ED323101266084A600FB614A /* FacebookPage.swift */; };
		ED323104266084B800FB614A /* PhoneNumberPage.swift in Sources */ = {isa = PBXBuildFile; fileRef = ED323103266084B800FB614A /* PhoneNumberPage.swift */; };
		ED323108266084D400FB614A /* ApplePage.swift in Sources */ = {isa = PBXBuildFile; fileRef = ED323107266084D400FB614A /* ApplePage.swift */; };
		ED69C138267700C400C3D52F /* String.swift in Sources */ = {isa = PBXBuildFile; fileRef = ED69C137267700C400C3D52F /* String.swift */; };
		ED69C13A267700DF00C3D52F /* OneTimeCodeInput.swift in Sources */ = {isa = PBXBuildFile; fileRef = ED69C139267700DF00C3D52F /* OneTimeCodeInput.swift */; };
		ED69C13C2677012900C3D52F /* OneTimeCodeBoxes.swift in Sources */ = {isa = PBXBuildFile; fileRef = ED69C13B2677012900C3D52F /* OneTimeCodeBoxes.swift */; };
		ED7153612662DE870096806B /* iPhoneNumberField in Frameworks */ = {isa = PBXBuildFile; productRef = ED7153602662DE870096806B /* iPhoneNumberField */; };
		ED959C6D2676927B002AC0B7 /* UserInfo.swift in Sources */ = {isa = PBXBuildFile; fileRef = ED959C6C2676927B002AC0B7 /* UserInfo.swift */; };
		EDE09F192667028100CE4C19 /* PhoneCodeVerificationPage.swift in Sources */ = {isa = PBXBuildFile; fileRef = EDE09F182667028100CE4C19 /* PhoneCodeVerificationPage.swift */; };
		EDECF13C266054ED00CF5AFD /* WhyKnotMe_iOSApp.swift in Sources */ = {isa = PBXBuildFile; fileRef = EDECF13B266054ED00CF5AFD /* WhyKnotMe_iOSApp.swift */; };
		EDECF13E266054ED00CF5AFD /* ContentView.swift in Sources */ = {isa = PBXBuildFile; fileRef = EDECF13D266054ED00CF5AFD /* ContentView.swift */; };
		EDECF140266054EE00CF5AFD /* Assets.xcassets in Resources */ = {isa = PBXBuildFile; fileRef = EDECF13F266054EE00CF5AFD /* Assets.xcassets */; };
		EDECF143266054EE00CF5AFD /* Preview Assets.xcassets in Resources */ = {isa = PBXBuildFile; fileRef = EDECF142266054EE00CF5AFD /* Preview Assets.xcassets */; };
		EDF710A52676B10700C22902 /* NamePage.swift in Sources */ = {isa = PBXBuildFile; fileRef = EDF710A42676B10700C22902 /* NamePage.swift */; };
		EDF710A72676B3B400C22902 /* BirthdayPage.swift in Sources */ = {isa = PBXBuildFile; fileRef = EDF710A62676B3B400C22902 /* BirthdayPage.swift */; };
		EDF710A92676B3EE00C22902 /* RelationshipPage.swift in Sources */ = {isa = PBXBuildFile; fileRef = EDF710A82676B3EE00C22902 /* RelationshipPage.swift */; };
		EDF710AB2676B44E00C22902 /* InterestedInPage.swift in Sources */ = {isa = PBXBuildFile; fileRef = EDF710AA2676B44E00C22902 /* InterestedInPage.swift */; };
/* End PBXBuildFile section */

/* Begin PBXFileReference section */
		ED3230FB2660797300FB614A /* LoginPage.swift */ = {isa = PBXFileReference; lastKnownFileType = sourcecode.swift; path = LoginPage.swift; sourceTree = "<group>"; };
		ED323101266084A600FB614A /* FacebookPage.swift */ = {isa = PBXFileReference; lastKnownFileType = sourcecode.swift; path = FacebookPage.swift; sourceTree = "<group>"; };
		ED323103266084B800FB614A /* PhoneNumberPage.swift */ = {isa = PBXFileReference; lastKnownFileType = sourcecode.swift; path = PhoneNumberPage.swift; sourceTree = "<group>"; };
		ED323107266084D400FB614A /* ApplePage.swift */ = {isa = PBXFileReference; lastKnownFileType = sourcecode.swift; path = ApplePage.swift; sourceTree = "<group>"; };
		ED69C137267700C400C3D52F /* String.swift */ = {isa = PBXFileReference; lastKnownFileType = sourcecode.swift; path = String.swift; sourceTree = "<group>"; };
		ED69C139267700DF00C3D52F /* OneTimeCodeInput.swift */ = {isa = PBXFileReference; lastKnownFileType = sourcecode.swift; path = OneTimeCodeInput.swift; sourceTree = "<group>"; };
		ED69C13B2677012900C3D52F /* OneTimeCodeBoxes.swift */ = {isa = PBXFileReference; lastKnownFileType = sourcecode.swift; path = OneTimeCodeBoxes.swift; sourceTree = "<group>"; };
		ED959C6C2676927B002AC0B7 /* UserInfo.swift */ = {isa = PBXFileReference; lastKnownFileType = sourcecode.swift; path = UserInfo.swift; sourceTree = "<group>"; };
		EDE09F182667028100CE4C19 /* PhoneCodeVerificationPage.swift */ = {isa = PBXFileReference; lastKnownFileType = sourcecode.swift; path = PhoneCodeVerificationPage.swift; sourceTree = "<group>"; };
		EDECF138266054ED00CF5AFD /* WhyKnotMe_iOS.app */ = {isa = PBXFileReference; explicitFileType = wrapper.application; includeInIndex = 0; path = WhyKnotMe_iOS.app; sourceTree = BUILT_PRODUCTS_DIR; };
		EDECF13B266054ED00CF5AFD /* WhyKnotMe_iOSApp.swift */ = {isa = PBXFileReference; lastKnownFileType = sourcecode.swift; path = WhyKnotMe_iOSApp.swift; sourceTree = "<group>"; };
		EDECF13D266054ED00CF5AFD /* ContentView.swift */ = {isa = PBXFileReference; lastKnownFileType = sourcecode.swift; path = ContentView.swift; sourceTree = "<group>"; };
		EDECF13F266054EE00CF5AFD /* Assets.xcassets */ = {isa = PBXFileReference; lastKnownFileType = folder.assetcatalog; path = Assets.xcassets; sourceTree = "<group>"; };
		EDECF142266054EE00CF5AFD /* Preview Assets.xcassets */ = {isa = PBXFileReference; lastKnownFileType = folder.assetcatalog; path = "Preview Assets.xcassets"; sourceTree = "<group>"; };
		EDECF144266054EE00CF5AFD /* Info.plist */ = {isa = PBXFileReference; lastKnownFileType = text.plist.xml; path = Info.plist; sourceTree = "<group>"; };
		EDF710A42676B10700C22902 /* NamePage.swift */ = {isa = PBXFileReference; lastKnownFileType = sourcecode.swift; path = NamePage.swift; sourceTree = "<group>"; };
		EDF710A62676B3B400C22902 /* BirthdayPage.swift */ = {isa = PBXFileReference; lastKnownFileType = sourcecode.swift; path = BirthdayPage.swift; sourceTree = "<group>"; };
		EDF710A82676B3EE00C22902 /* RelationshipPage.swift */ = {isa = PBXFileReference; lastKnownFileType = sourcecode.swift; path = RelationshipPage.swift; sourceTree = "<group>"; };
		EDF710AA2676B44E00C22902 /* InterestedInPage.swift */ = {isa = PBXFileReference; lastKnownFileType = sourcecode.swift; path = InterestedInPage.swift; sourceTree = "<group>"; };
/* End PBXFileReference section */

/* Begin PBXFrameworksBuildPhase section */
		EDECF135266054ED00CF5AFD /* Frameworks */ = {
			isa = PBXFrameworksBuildPhase;
			buildActionMask = 2147483647;
			files = (
				ED7153612662DE870096806B /* iPhoneNumberField in Frameworks */,
			);
			runOnlyForDeploymentPostprocessing = 0;
		};
/* End PBXFrameworksBuildPhase section */

/* Begin PBXGroup section */
		ED3230F42660706600FB614A /* Views */ = {
			isa = PBXGroup;
			children = (
				EDF710A32676B0DE00C22902 /* SignUpProcess */,
				ED3230FB2660797300FB614A /* LoginPage.swift */,
			);
			path = Views;
			sourceTree = "<group>";
		};
		ED3230F52660706E00FB614A /* Models */ = {
			isa = PBXGroup;
			children = (
			);
			path = Models;
			sourceTree = "<group>";
		};
		ED3230F62660707800FB614A /* ViewModels */ = {
			isa = PBXGroup;
			children = (
			);
			path = ViewModels;
			sourceTree = "<group>";
		};
		ED4B5EFA2665B16E00AD1A0C /* Facebook */ = {
			isa = PBXGroup;
			children = (
				ED323101266084A600FB614A /* FacebookPage.swift */,
			);
			path = Facebook;
			sourceTree = "<group>";
		};
		ED4B5EFB2665B17800AD1A0C /* Apple */ = {
			isa = PBXGroup;
			children = (
				ED323107266084D400FB614A /* ApplePage.swift */,
			);
			path = Apple;
			sourceTree = "<group>";
		};
		ED4B5EFC2665B18600AD1A0C /* Phone */ = {
			isa = PBXGroup;
			children = (
				ED323103266084B800FB614A /* PhoneNumberPage.swift */,
				EDE09F182667028100CE4C19 /* PhoneCodeVerificationPage.swift */,
			);
			path = Phone;
			sourceTree = "<group>";
		};
		ED69C1352677009400C3D52F /* Utils */ = {
			isa = PBXGroup;
			children = (
				ED69C136267700B800C3D52F /* OneTimeCode */,
				ED69C137267700C400C3D52F /* String.swift */,
				ED959C6C2676927B002AC0B7 /* UserInfo.swift */,
			);
			path = Utils;
			sourceTree = "<group>";
		};
		ED69C136267700B800C3D52F /* OneTimeCode */ = {
			isa = PBXGroup;
			children = (
				ED69C139267700DF00C3D52F /* OneTimeCodeInput.swift */,
				ED69C13B2677012900C3D52F /* OneTimeCodeBoxes.swift */,
			);
			path = OneTimeCode;
			sourceTree = "<group>";
		};
		EDECF12F266054ED00CF5AFD = {
			isa = PBXGroup;
			children = (
				EDECF13A266054ED00CF5AFD /* WhyKnotMe_iOS */,
				EDECF139266054ED00CF5AFD /* Products */,
			);
			sourceTree = "<group>";
		};
		EDECF139266054ED00CF5AFD /* Products */ = {
			isa = PBXGroup;
			children = (
				EDECF138266054ED00CF5AFD /* WhyKnotMe_iOS.app */,
			);
			name = Products;
			sourceTree = "<group>";
		};
		EDECF13A266054ED00CF5AFD /* WhyKnotMe_iOS */ = {
			isa = PBXGroup;
			children = (
				ED69C1352677009400C3D52F /* Utils */,
				ED3230F62660707800FB614A /* ViewModels */,
				ED3230F52660706E00FB614A /* Models */,
				ED3230F42660706600FB614A /* Views */,
				EDECF13B266054ED00CF5AFD /* WhyKnotMe_iOSApp.swift */,
				EDECF13D266054ED00CF5AFD /* ContentView.swift */,
				EDECF13F266054EE00CF5AFD /* Assets.xcassets */,
				EDECF144266054EE00CF5AFD /* Info.plist */,
				EDECF141266054EE00CF5AFD /* Preview Content */,
			);
			path = WhyKnotMe_iOS;
			sourceTree = "<group>";
		};
		EDECF141266054EE00CF5AFD /* Preview Content */ = {
			isa = PBXGroup;
			children = (
				EDECF142266054EE00CF5AFD /* Preview Assets.xcassets */,
			);
			path = "Preview Content";
			sourceTree = "<group>";
		};
		EDF710A32676B0DE00C22902 /* SignUpProcess */ = {
			isa = PBXGroup;
			children = (
				ED4B5EFC2665B18600AD1A0C /* Phone */,
				ED4B5EFB2665B17800AD1A0C /* Apple */,
				ED4B5EFA2665B16E00AD1A0C /* Facebook */,
				EDF710A42676B10700C22902 /* NamePage.swift */,
				EDF710A62676B3B400C22902 /* BirthdayPage.swift */,
				EDF710A82676B3EE00C22902 /* RelationshipPage.swift */,
				EDF710AA2676B44E00C22902 /* InterestedInPage.swift */,
			);
			path = SignUpProcess;
			sourceTree = "<group>";
		};
/* End PBXGroup section */

/* Begin PBXNativeTarget section */
		EDECF137266054ED00CF5AFD /* WhyKnotMe_iOS */ = {
			isa = PBXNativeTarget;
			buildConfigurationList = EDECF147266054EE00CF5AFD /* Build configuration list for PBXNativeTarget "WhyKnotMe_iOS" */;
			buildPhases = (
				EDECF134266054ED00CF5AFD /* Sources */,
				EDECF135266054ED00CF5AFD /* Frameworks */,
				EDECF136266054ED00CF5AFD /* Resources */,
			);
			buildRules = (
			);
			dependencies = (
			);
			name = WhyKnotMe_iOS;
			packageProductDependencies = (
				ED7153602662DE870096806B /* iPhoneNumberField */,
			);
			productName = WhyKnotMe_iOS;
			productReference = EDECF138266054ED00CF5AFD /* WhyKnotMe_iOS.app */;
			productType = "com.apple.product-type.application";
		};
/* End PBXNativeTarget section */

/* Begin PBXProject section */
		EDECF130266054ED00CF5AFD /* Project object */ = {
			isa = PBXProject;
			attributes = {
				LastSwiftUpdateCheck = 1250;
				LastUpgradeCheck = 1250;
				TargetAttributes = {
					EDECF137266054ED00CF5AFD = {
						CreatedOnToolsVersion = 12.5;
					};
				};
			};
			buildConfigurationList = EDECF133266054ED00CF5AFD /* Build configuration list for PBXProject "WhyKnotMe_iOS" */;
			compatibilityVersion = "Xcode 9.3";
			developmentRegion = en;
			hasScannedForEncodings = 0;
			knownRegions = (
				en,
				Base,
			);
			mainGroup = EDECF12F266054ED00CF5AFD;
			packageReferences = (
				ED71535F2662DE870096806B /* XCRemoteSwiftPackageReference "iPhoneNumberField" */,
			);
			productRefGroup = EDECF139266054ED00CF5AFD /* Products */;
			projectDirPath = "";
			projectRoot = "";
			targets = (
				EDECF137266054ED00CF5AFD /* WhyKnotMe_iOS */,
			);
		};
/* End PBXProject section */

/* Begin PBXResourcesBuildPhase section */
		EDECF136266054ED00CF5AFD /* Resources */ = {
			isa = PBXResourcesBuildPhase;
			buildActionMask = 2147483647;
			files = (
				EDECF143266054EE00CF5AFD /* Preview Assets.xcassets in Resources */,
				EDECF140266054EE00CF5AFD /* Assets.xcassets in Resources */,
			);
			runOnlyForDeploymentPostprocessing = 0;
		};
/* End PBXResourcesBuildPhase section */

/* Begin PBXSourcesBuildPhase section */
		EDECF134266054ED00CF5AFD /* Sources */ = {
			isa = PBXSourcesBuildPhase;
			buildActionMask = 2147483647;
			files = (
				EDE09F192667028100CE4C19 /* PhoneCodeVerificationPage.swift in Sources */,
				ED69C138267700C400C3D52F /* String.swift in Sources */,
				ED323102266084A600FB614A /* FacebookPage.swift in Sources */,
				ED323104266084B800FB614A /* PhoneNumberPage.swift in Sources */,
				EDF710A52676B10700C22902 /* NamePage.swift in Sources */,
				EDF710AB2676B44E00C22902 /* InterestedInPage.swift in Sources */,
				ED69C13C2677012900C3D52F /* OneTimeCodeBoxes.swift in Sources */,
				EDECF13E266054ED00CF5AFD /* ContentView.swift in Sources */,
				EDF710A92676B3EE00C22902 /* RelationshipPage.swift in Sources */,
				ED959C6D2676927B002AC0B7 /* UserInfo.swift in Sources */,
				ED323108266084D400FB614A /* ApplePage.swift in Sources */,
				ED69C13A267700DF00C3D52F /* OneTimeCodeInput.swift in Sources */,
				ED3230FC2660797300FB614A /* LoginPage.swift in Sources */,
				EDECF13C266054ED00CF5AFD /* WhyKnotMe_iOSApp.swift in Sources */,
				EDF710A72676B3B400C22902 /* BirthdayPage.swift in Sources */,
			);
			runOnlyForDeploymentPostprocessing = 0;
		};
/* End PBXSourcesBuildPhase section */

/* Begin XCBuildConfiguration section */
		EDECF145266054EE00CF5AFD /* Debug */ = {
			isa = XCBuildConfiguration;
			buildSettings = {
				ALWAYS_SEARCH_USER_PATHS = NO;
				CLANG_ANALYZER_NONNULL = YES;
				CLANG_ANALYZER_NUMBER_OBJECT_CONVERSION = YES_AGGRESSIVE;
				CLANG_CXX_LANGUAGE_STANDARD = "gnu++14";
				CLANG_CXX_LIBRARY = "libc++";
				CLANG_ENABLE_MODULES = YES;
				CLANG_ENABLE_OBJC_ARC = YES;
				CLANG_ENABLE_OBJC_WEAK = YES;
				CLANG_WARN_BLOCK_CAPTURE_AUTORELEASING = YES;
				CLANG_WARN_BOOL_CONVERSION = YES;
				CLANG_WARN_COMMA = YES;
				CLANG_WARN_CONSTANT_CONVERSION = YES;
				CLANG_WARN_DEPRECATED_OBJC_IMPLEMENTATIONS = YES;
				CLANG_WARN_DIRECT_OBJC_ISA_USAGE = YES_ERROR;
				CLANG_WARN_DOCUMENTATION_COMMENTS = YES;
				CLANG_WARN_EMPTY_BODY = YES;
				CLANG_WARN_ENUM_CONVERSION = YES;
				CLANG_WARN_INFINITE_RECURSION = YES;
				CLANG_WARN_INT_CONVERSION = YES;
				CLANG_WARN_NON_LITERAL_NULL_CONVERSION = YES;
				CLANG_WARN_OBJC_IMPLICIT_RETAIN_SELF = YES;
				CLANG_WARN_OBJC_LITERAL_CONVERSION = YES;
				CLANG_WARN_OBJC_ROOT_CLASS = YES_ERROR;
				CLANG_WARN_QUOTED_INCLUDE_IN_FRAMEWORK_HEADER = YES;
				CLANG_WARN_RANGE_LOOP_ANALYSIS = YES;
				CLANG_WARN_STRICT_PROTOTYPES = YES;
				CLANG_WARN_SUSPICIOUS_MOVE = YES;
				CLANG_WARN_UNGUARDED_AVAILABILITY = YES_AGGRESSIVE;
				CLANG_WARN_UNREACHABLE_CODE = YES;
				CLANG_WARN__DUPLICATE_METHOD_MATCH = YES;
				COPY_PHASE_STRIP = NO;
				DEBUG_INFORMATION_FORMAT = dwarf;
				ENABLE_STRICT_OBJC_MSGSEND = YES;
				ENABLE_TESTABILITY = YES;
				GCC_C_LANGUAGE_STANDARD = gnu11;
				GCC_DYNAMIC_NO_PIC = NO;
				GCC_NO_COMMON_BLOCKS = YES;
				GCC_OPTIMIZATION_LEVEL = 0;
				GCC_PREPROCESSOR_DEFINITIONS = (
					"DEBUG=1",
					"$(inherited)",
				);
				GCC_WARN_64_TO_32_BIT_CONVERSION = YES;
				GCC_WARN_ABOUT_RETURN_TYPE = YES_ERROR;
				GCC_WARN_UNDECLARED_SELECTOR = YES;
				GCC_WARN_UNINITIALIZED_AUTOS = YES_AGGRESSIVE;
				GCC_WARN_UNUSED_FUNCTION = YES;
				GCC_WARN_UNUSED_VARIABLE = YES;
				IPHONEOS_DEPLOYMENT_TARGET = 14.5;
				MTL_ENABLE_DEBUG_INFO = INCLUDE_SOURCE;
				MTL_FAST_MATH = YES;
				ONLY_ACTIVE_ARCH = YES;
				SDKROOT = iphoneos;
				SWIFT_ACTIVE_COMPILATION_CONDITIONS = DEBUG;
				SWIFT_OPTIMIZATION_LEVEL = "-Onone";
			};
			name = Debug;
		};
		EDECF146266054EE00CF5AFD /* Release */ = {
			isa = XCBuildConfiguration;
			buildSettings = {
				ALWAYS_SEARCH_USER_PATHS = NO;
				CLANG_ANALYZER_NONNULL = YES;
				CLANG_ANALYZER_NUMBER_OBJECT_CONVERSION = YES_AGGRESSIVE;
				CLANG_CXX_LANGUAGE_STANDARD = "gnu++14";
				CLANG_CXX_LIBRARY = "libc++";
				CLANG_ENABLE_MODULES = YES;
				CLANG_ENABLE_OBJC_ARC = YES;
				CLANG_ENABLE_OBJC_WEAK = YES;
				CLANG_WARN_BLOCK_CAPTURE_AUTORELEASING = YES;
				CLANG_WARN_BOOL_CONVERSION = YES;
				CLANG_WARN_COMMA = YES;
				CLANG_WARN_CONSTANT_CONVERSION = YES;
				CLANG_WARN_DEPRECATED_OBJC_IMPLEMENTATIONS = YES;
				CLANG_WARN_DIRECT_OBJC_ISA_USAGE = YES_ERROR;
				CLANG_WARN_DOCUMENTATION_COMMENTS = YES;
				CLANG_WARN_EMPTY_BODY = YES;
				CLANG_WARN_ENUM_CONVERSION = YES;
				CLANG_WARN_INFINITE_RECURSION = YES;
				CLANG_WARN_INT_CONVERSION = YES;
				CLANG_WARN_NON_LITERAL_NULL_CONVERSION = YES;
				CLANG_WARN_OBJC_IMPLICIT_RETAIN_SELF = YES;
				CLANG_WARN_OBJC_LITERAL_CONVERSION = YES;
				CLANG_WARN_OBJC_ROOT_CLASS = YES_ERROR;
				CLANG_WARN_QUOTED_INCLUDE_IN_FRAMEWORK_HEADER = YES;
				CLANG_WARN_RANGE_LOOP_ANALYSIS = YES;
				CLANG_WARN_STRICT_PROTOTYPES = YES;
				CLANG_WARN_SUSPICIOUS_MOVE = YES;
				CLANG_WARN_UNGUARDED_AVAILABILITY = YES_AGGRESSIVE;
				CLANG_WARN_UNREACHABLE_CODE = YES;
				CLANG_WARN__DUPLICATE_METHOD_MATCH = YES;
				COPY_PHASE_STRIP = NO;
				DEBUG_INFORMATION_FORMAT = "dwarf-with-dsym";
				ENABLE_NS_ASSERTIONS = NO;
				ENABLE_STRICT_OBJC_MSGSEND = YES;
				GCC_C_LANGUAGE_STANDARD = gnu11;
				GCC_NO_COMMON_BLOCKS = YES;
				GCC_WARN_64_TO_32_BIT_CONVERSION = YES;
				GCC_WARN_ABOUT_RETURN_TYPE = YES_ERROR;
				GCC_WARN_UNDECLARED_SELECTOR = YES;
				GCC_WARN_UNINITIALIZED_AUTOS = YES_AGGRESSIVE;
				GCC_WARN_UNUSED_FUNCTION = YES;
				GCC_WARN_UNUSED_VARIABLE = YES;
				IPHONEOS_DEPLOYMENT_TARGET = 14.5;
				MTL_ENABLE_DEBUG_INFO = NO;
				MTL_FAST_MATH = YES;
				SDKROOT = iphoneos;
				SWIFT_COMPILATION_MODE = wholemodule;
				SWIFT_OPTIMIZATION_LEVEL = "-O";
				VALIDATE_PRODUCT = YES;
			};
			name = Release;
		};
		EDECF148266054EE00CF5AFD /* Debug */ = {
			isa = XCBuildConfiguration;
			buildSettings = {
				ASSETCATALOG_COMPILER_APPICON_NAME = AppIcon;
				ASSETCATALOG_COMPILER_GLOBAL_ACCENT_COLOR_NAME = AccentColor;
				CODE_SIGN_STYLE = Automatic;
				DEVELOPMENT_ASSET_PATHS = "\"WhyKnotMe_iOS/Preview Content\"";
				DEVELOPMENT_TEAM = H6Z9Q922HL;
				ENABLE_PREVIEWS = YES;
				INFOPLIST_FILE = WhyKnotMe_iOS/Info.plist;
				IPHONEOS_DEPLOYMENT_TARGET = 14.0;
				LD_RUNPATH_SEARCH_PATHS = (
					"$(inherited)",
					"@executable_path/Frameworks",
				);
				PRODUCT_BUNDLE_IDENTIFIER = "Tului.WhyKnotMe-iOS";
				PRODUCT_NAME = "$(TARGET_NAME)";
				SWIFT_VERSION = 5.0;
				TARGETED_DEVICE_FAMILY = "1,2";
			};
			name = Debug;
		};
		EDECF149266054EE00CF5AFD /* Release */ = {
			isa = XCBuildConfiguration;
			buildSettings = {
				ASSETCATALOG_COMPILER_APPICON_NAME = AppIcon;
				ASSETCATALOG_COMPILER_GLOBAL_ACCENT_COLOR_NAME = AccentColor;
				CODE_SIGN_STYLE = Automatic;
				DEVELOPMENT_ASSET_PATHS = "\"WhyKnotMe_iOS/Preview Content\"";
				DEVELOPMENT_TEAM = H6Z9Q922HL;
				ENABLE_PREVIEWS = YES;
				INFOPLIST_FILE = WhyKnotMe_iOS/Info.plist;
				IPHONEOS_DEPLOYMENT_TARGET = 14.0;
				LD_RUNPATH_SEARCH_PATHS = (
					"$(inherited)",
					"@executable_path/Frameworks",
				);
				PRODUCT_BUNDLE_IDENTIFIER = "Tului.WhyKnotMe-iOS";
				PRODUCT_NAME = "$(TARGET_NAME)";
				SWIFT_VERSION = 5.0;
				TARGETED_DEVICE_FAMILY = "1,2";
			};
			name = Release;
		};
/* End XCBuildConfiguration section */

/* Begin XCConfigurationList section */
		EDECF133266054ED00CF5AFD /* Build configuration list for PBXProject "WhyKnotMe_iOS" */ = {
			isa = XCConfigurationList;
			buildConfigurations = (
				EDECF145266054EE00CF5AFD /* Debug */,
				EDECF146266054EE00CF5AFD /* Release */,
			);
			defaultConfigurationIsVisible = 0;
			defaultConfigurationName = Release;
		};
		EDECF147266054EE00CF5AFD /* Build configuration list for PBXNativeTarget "WhyKnotMe_iOS" */ = {
			isa = XCConfigurationList;
			buildConfigurations = (
				EDECF148266054EE00CF5AFD /* Debug */,
				EDECF149266054EE00CF5AFD /* Release */,
			);
			defaultConfigurationIsVisible = 0;
			defaultConfigurationName = Release;
		};
/* End XCConfigurationList section */

/* Begin XCRemoteSwiftPackageReference section */
		ED71535F2662DE870096806B /* XCRemoteSwiftPackageReference "iPhoneNumberField" */ = {
			isa = XCRemoteSwiftPackageReference;
			repositoryURL = "https://github.com/MojtabaHs/iPhoneNumberField.git";
			requirement = {
				kind = upToNextMajorVersion;
				minimumVersion = 0.5.0;
			};
		};
/* End XCRemoteSwiftPackageReference section */

/* Begin XCSwiftPackageProductDependency section */
		ED7153602662DE870096806B /* iPhoneNumberField */ = {
			isa = XCSwiftPackageProductDependency;
			package = ED71535F2662DE870096806B /* XCRemoteSwiftPackageReference "iPhoneNumberField" */;
			productName = iPhoneNumberField;
		};
/* End XCSwiftPackageProductDependency section */
	};
	rootObject = EDECF130266054ED00CF5AFD /* Project object */;
}
